
Microsoft Visual Studio Solution File, Format Version 12.00
# Visual Studio Version 17
VisualStudioVersion = 17.9.34622.214
MinimumVisualStudioVersion = 10.0.40219.1
Project("{8BC9CEB8-8B4A-11D0-8D11-00A0C91BC942}") = "lab3_1", "lab3_1.vcxproj", "{F44609BF-D7FC-48BB-9E7D-2C0006F78109}"
EndProject
Global
	GlobalSection(SolutionConfigurationPlatforms) = preSolution
		Debug|x64 = Debug|x64
		Debug|x86 = Debug|x86
		Release|x64 = Release|x64
		Release|x86 = Release|x86
	EndGlobalSection
	GlobalSection(ProjectConfigurationPlatforms) = postSolution
		{F44609BF-D7FC-48BB-9E7D-2C0006F78109}.Debug|x64.ActiveCfg = Debug|x64
		{F44609BF-D7FC-48BB-9E7D-2C0006F78109}.Debug|x64.Build.0 = Debug|x64
		{F44609BF-D7FC-48BB-9E7D-2C0006F78109}.Debug|x86.ActiveCfg = Debug|Win32
		{F44609BF-D7FC-48BB-9E7D-2C0006F78109}.Debug|x86.Build.0 = Debug|Win32
		{F44609BF-D7FC-48BB-9E7D-2C0006F78109}.Release|x64.ActiveCfg = Release|x64
		{F44609BF-D7FC-48BB-9E7D-2C0006F78109}.Release|x64.Build.0 = Release|x64
		{F44609BF-D7FC-48BB-9E7D-2C0006F78109}.Release|x86.ActiveCfg = Release|Win32
		{F44609BF-D7FC-48BB-9E7D-2C0006F78109}.Release|x86.Build.0 = Release|Win32
	EndGlobalSection
	GlobalSection(SolutionProperties) = preSolution
		HideSolutionNode = FALSE
	EndGlobalSection
	GlobalSection(ExtensibilityGlobals) = postSolution
		SolutionGuid = {4E286C41-151D-41EE-997E-62DAF13E0E15}
	EndGlobalSection
EndGlobal
